{
  "pins" : [
    {
      "identity" : "decompress-draco-swift",
      "kind" : "remoteSourceControl",
      "location" : "git@github.com:danielgronlund/decompress-draco-swift.git",
      "state" : {
        "branch" : "0.0.7",
        "revision" : "4753507c1e10be61cddd56c357d8fd0e886fc0ef"
      }
    },
    {
      "identity" : "draco",
      "kind" : "remoteSourceControl",
      "location" : "git@github.com:danielgronlund/draco.git",
      "state" : {
        "branch" : "spm-0.0.1",
        "revision" : "a16d61bd471e8132501f82d712a8ae88167023b1"
      }
    }
  ],
  "version" : 2
}
